// !$*UTF8*$!
{
	archiveVersion = 1;
	classes = {
	};
	objectVersion = 56;
	objects = {

/* Begin PBXBuildFile section */
		E0B6A6A72ABC0B5900B9F178 /* CryptoAppApp.swift in Sources */ = {isa = PBXBuildFile; fileRef = E0B6A6A62ABC0B5900B9F178 /* CryptoAppApp.swift */; };
		E0B6A6A92ABC0B5900B9F178 /* ContentView.swift in Sources */ = {isa = PBXBuildFile; fileRef = E0B6A6A82ABC0B5900B9F178 /* ContentView.swift */; };
		E0B6A6AB2ABC0B5A00B9F178 /* Assets.xcassets in Resources */ = {isa = PBXBuildFile; fileRef = E0B6A6AA2ABC0B5A00B9F178 /* Assets.xcassets */; };
		E0B6A6AE2ABC0B5A00B9F178 /* Preview Assets.xcassets in Resources */ = {isa = PBXBuildFile; fileRef = E0B6A6AD2ABC0B5A00B9F178 /* Preview Assets.xcassets */; };
		E0B6A6B62ABC211200B9F178 /* Color.swift in Sources */ = {isa = PBXBuildFile; fileRef = E0B6A6B52ABC211200B9F178 /* Color.swift */; };
		E0B6A6BC2ABC240600B9F178 /* HomeView.swift in Sources */ = {isa = PBXBuildFile; fileRef = E0B6A6BB2ABC240600B9F178 /* HomeView.swift */; };
		E0B6A6C02ABC24FE00B9F178 /* CircleButton.swift in Sources */ = {isa = PBXBuildFile; fileRef = E0B6A6BF2ABC24FE00B9F178 /* CircleButton.swift */; };
		E0B6A6C22ABC282A00B9F178 /* CircleButtonAnimationView.swift in Sources */ = {isa = PBXBuildFile; fileRef = E0B6A6C12ABC282A00B9F178 /* CircleButtonAnimationView.swift */; };
		E0B6A6C52ABC2BF100B9F178 /* CoinsModel.swift in Sources */ = {isa = PBXBuildFile; fileRef = E0B6A6C42ABC2BF100B9F178 /* CoinsModel.swift */; };
		E0B6A6C72ABC31AC00B9F178 /* CoinRowView.swift in Sources */ = {isa = PBXBuildFile; fileRef = E0B6A6C62ABC31AC00B9F178 /* CoinRowView.swift */; };
		E0B6A6C92ABC323600B9F178 /* DeveloperPreview.swift in Sources */ = {isa = PBXBuildFile; fileRef = E0B6A6C82ABC323600B9F178 /* DeveloperPreview.swift */; };
		E0B6A6CB2ABC36DA00B9F178 /* Double.swift in Sources */ = {isa = PBXBuildFile; fileRef = E0B6A6CA2ABC36DA00B9F178 /* Double.swift */; };
		E0B6A6CD2ABC3E1900B9F178 /* HomeViewModel.swift in Sources */ = {isa = PBXBuildFile; fileRef = E0B6A6CC2ABC3E1900B9F178 /* HomeViewModel.swift */; };
		E0B6A6D02ABC43A000B9F178 /* CoinDataService.swift in Sources */ = {isa = PBXBuildFile; fileRef = E0B6A6CF2ABC43A000B9F178 /* CoinDataService.swift */; };
		E0B6A6D32ABC4ACB00B9F178 /* NetworkingManager.swift in Sources */ = {isa = PBXBuildFile; fileRef = E0B6A6D22ABC4ACB00B9F178 /* NetworkingManager.swift */; };
		E0B6A6D62ABC559600B9F178 /* CoinImageView.swift in Sources */ = {isa = PBXBuildFile; fileRef = E0B6A6D52ABC559600B9F178 /* CoinImageView.swift */; };
		E0B6A6D82ABC571800B9F178 /* CoinImageService.swift in Sources */ = {isa = PBXBuildFile; fileRef = E0B6A6D72ABC571800B9F178 /* CoinImageService.swift */; };
		E0B6A6DA2ABC585C00B9F178 /* CoinImageViewModel.swift in Sources */ = {isa = PBXBuildFile; fileRef = E0B6A6D92ABC585C00B9F178 /* CoinImageViewModel.swift */; };
		E0B6A6DC2ABC622600B9F178 /* LocalFileManager.swift in Sources */ = {isa = PBXBuildFile; fileRef = E0B6A6DB2ABC622600B9F178 /* LocalFileManager.swift */; };
		E0B6A6DF2ABC698B00B9F178 /* SearchBarView.swift in Sources */ = {isa = PBXBuildFile; fileRef = E0B6A6DE2ABC698B00B9F178 /* SearchBarView.swift */; };
		E0B6A6E12ABC6DA700B9F178 /* UIApplication.swift in Sources */ = {isa = PBXBuildFile; fileRef = E0B6A6E02ABC6DA700B9F178 /* UIApplication.swift */; };
/* End PBXBuildFile section */

/* Begin PBXFileReference section */
		E0B6A6A32ABC0B5900B9F178 /* CryptoApp.app */ = {isa = PBXFileReference; explicitFileType = wrapper.application; includeInIndex = 0; path = CryptoApp.app; sourceTree = BUILT_PRODUCTS_DIR; };
		E0B6A6A62ABC0B5900B9F178 /* CryptoAppApp.swift */ = {isa = PBXFileReference; lastKnownFileType = sourcecode.swift; path = CryptoAppApp.swift; sourceTree = "<group>"; };
		E0B6A6A82ABC0B5900B9F178 /* ContentView.swift */ = {isa = PBXFileReference; lastKnownFileType = sourcecode.swift; path = ContentView.swift; sourceTree = "<group>"; };
		E0B6A6AA2ABC0B5A00B9F178 /* Assets.xcassets */ = {isa = PBXFileReference; lastKnownFileType = folder.assetcatalog; path = Assets.xcassets; sourceTree = "<group>"; };
		E0B6A6AD2ABC0B5A00B9F178 /* Preview Assets.xcassets */ = {isa = PBXFileReference; lastKnownFileType = folder.assetcatalog; path = "Preview Assets.xcassets"; sourceTree = "<group>"; };
		E0B6A6B52ABC211200B9F178 /* Color.swift */ = {isa = PBXFileReference; lastKnownFileType = sourcecode.swift; path = Color.swift; sourceTree = "<group>"; };
		E0B6A6BB2ABC240600B9F178 /* HomeView.swift */ = {isa = PBXFileReference; lastKnownFileType = sourcecode.swift; path = HomeView.swift; sourceTree = "<group>"; };
		E0B6A6BF2ABC24FE00B9F178 /* CircleButton.swift */ = {isa = PBXFileReference; lastKnownFileType = sourcecode.swift; path = CircleButton.swift; sourceTree = "<group>"; };
		E0B6A6C12ABC282A00B9F178 /* CircleButtonAnimationView.swift */ = {isa = PBXFileReference; lastKnownFileType = sourcecode.swift; path = CircleButtonAnimationView.swift; sourceTree = "<group>"; };
		E0B6A6C42ABC2BF100B9F178 /* CoinsModel.swift */ = {isa = PBXFileReference; lastKnownFileType = sourcecode.swift; path = CoinsModel.swift; sourceTree = "<group>"; };
		E0B6A6C62ABC31AC00B9F178 /* CoinRowView.swift */ = {isa = PBXFileReference; lastKnownFileType = sourcecode.swift; path = CoinRowView.swift; sourceTree = "<group>"; };
		E0B6A6C82ABC323600B9F178 /* DeveloperPreview.swift */ = {isa = PBXFileReference; lastKnownFileType = sourcecode.swift; path = DeveloperPreview.swift; sourceTree = "<group>"; };
		E0B6A6CA2ABC36DA00B9F178 /* Double.swift */ = {isa = PBXFileReference; lastKnownFileType = sourcecode.swift; path = Double.swift; sourceTree = "<group>"; };
		E0B6A6CC2ABC3E1900B9F178 /* HomeViewModel.swift */ = {isa = PBXFileReference; lastKnownFileType = sourcecode.swift; path = HomeViewModel.swift; sourceTree = "<group>"; };
		E0B6A6CF2ABC43A000B9F178 /* CoinDataService.swift */ = {isa = PBXFileReference; lastKnownFileType = sourcecode.swift; path = CoinDataService.swift; sourceTree = "<group>"; };
		E0B6A6D22ABC4ACB00B9F178 /* NetworkingManager.swift */ = {isa = PBXFileReference; lastKnownFileType = sourcecode.swift; path = NetworkingManager.swift; sourceTree = "<group>"; };
		E0B6A6D52ABC559600B9F178 /* CoinImageView.swift */ = {isa = PBXFileReference; lastKnownFileType = sourcecode.swift; path = CoinImageView.swift; sourceTree = "<group>"; };
		E0B6A6D72ABC571800B9F178 /* CoinImageService.swift */ = {isa = PBXFileReference; lastKnownFileType = sourcecode.swift; path = CoinImageService.swift; sourceTree = "<group>"; };
		E0B6A6D92ABC585C00B9F178 /* CoinImageViewModel.swift */ = {isa = PBXFileReference; lastKnownFileType = sourcecode.swift; path = CoinImageViewModel.swift; sourceTree = "<group>"; };
		E0B6A6DB2ABC622600B9F178 /* LocalFileManager.swift */ = {isa = PBXFileReference; lastKnownFileType = sourcecode.swift; path = LocalFileManager.swift; sourceTree = "<group>"; };
		E0B6A6DE2ABC698B00B9F178 /* SearchBarView.swift */ = {isa = PBXFileReference; lastKnownFileType = sourcecode.swift; path = SearchBarView.swift; sourceTree = "<group>"; };
		E0B6A6E02ABC6DA700B9F178 /* UIApplication.swift */ = {isa = PBXFileReference; lastKnownFileType = sourcecode.swift; path = UIApplication.swift; sourceTree = "<group>"; };
/* End PBXFileReference section */

/* Begin PBXFrameworksBuildPhase section */
		E0B6A6A02ABC0B5900B9F178 /* Frameworks */ = {
			isa = PBXFrameworksBuildPhase;
			buildActionMask = 2147483647;
			files = (
			);
			runOnlyForDeploymentPostprocessing = 0;
		};
/* End PBXFrameworksBuildPhase section */

/* Begin PBXGroup section */
		E0B6A69A2ABC0B5900B9F178 = {
			isa = PBXGroup;
			children = (
				E0B6A6A52ABC0B5900B9F178 /* CryptoApp */,
				E0B6A6A42ABC0B5900B9F178 /* Products */,
			);
			sourceTree = "<group>";
		};
		E0B6A6A42ABC0B5900B9F178 /* Products */ = {
			isa = PBXGroup;
			children = (
				E0B6A6A32ABC0B5900B9F178 /* CryptoApp.app */,
			);
			name = Products;
			sourceTree = "<group>";
		};
		E0B6A6A52ABC0B5900B9F178 /* CryptoApp */ = {
			isa = PBXGroup;
			children = (
				E0B6A6A62ABC0B5900B9F178 /* CryptoAppApp.swift */,
				E0B6A6D12ABC4A8700B9F178 /* Utilities */,
				E0B6A6CE2ABC436C00B9F178 /* Services */,
				E0B6A6B42ABC20E800B9F178 /* Extensions */,
				E0B6A6C32ABC2BD800B9F178 /* Models */,
				E0B6A6B72ABC23C300B9F178 /* Core */,
				E0B6A6A82ABC0B5900B9F178 /* ContentView.swift */,
				E0B6A6AA2ABC0B5A00B9F178 /* Assets.xcassets */,
				E0B6A6AC2ABC0B5A00B9F178 /* Preview Content */,
			);
			path = CryptoApp;
			sourceTree = "<group>";
		};
		E0B6A6AC2ABC0B5A00B9F178 /* Preview Content */ = {
			isa = PBXGroup;
			children = (
				E0B6A6AD2ABC0B5A00B9F178 /* Preview Assets.xcassets */,
			);
			path = "Preview Content";
			sourceTree = "<group>";
		};
		E0B6A6B42ABC20E800B9F178 /* Extensions */ = {
			isa = PBXGroup;
			children = (
				E0B6A6B52ABC211200B9F178 /* Color.swift */,
				E0B6A6C82ABC323600B9F178 /* DeveloperPreview.swift */,
				E0B6A6CA2ABC36DA00B9F178 /* Double.swift */,
				E0B6A6E02ABC6DA700B9F178 /* UIApplication.swift */,
			);
			path = Extensions;
			sourceTree = "<group>";
		};
		E0B6A6B72ABC23C300B9F178 /* Core */ = {
			isa = PBXGroup;
			children = (
				E0B6A6BD2ABC24D600B9F178 /* Components */,
				E0B6A6B82ABC23D400B9F178 /* Home */,
			);
			path = Core;
			sourceTree = "<group>";
		};
		E0B6A6B82ABC23D400B9F178 /* Home */ = {
			isa = PBXGroup;
			children = (
				E0B6A6BA2ABC23ED00B9F178 /* ViewModels */,
				E0B6A6B92ABC23E200B9F178 /* Views */,
			);
			path = Home;
			sourceTree = "<group>";
		};
		E0B6A6B92ABC23E200B9F178 /* Views */ = {
			isa = PBXGroup;
			children = (
				E0B6A6BB2ABC240600B9F178 /* HomeView.swift */,
				E0B6A6C62ABC31AC00B9F178 /* CoinRowView.swift */,
			);
			path = Views;
			sourceTree = "<group>";
		};
		E0B6A6BA2ABC23ED00B9F178 /* ViewModels */ = {
			isa = PBXGroup;
			children = (
				E0B6A6CC2ABC3E1900B9F178 /* HomeViewModel.swift */,
			);
			path = ViewModels;
			sourceTree = "<group>";
		};
		E0B6A6BD2ABC24D600B9F178 /* Components */ = {
			isa = PBXGroup;
			children = (
				E0B6A6D42ABC558100B9F178 /* CoinImage */,
				E0B6A6BE2ABC24EA00B9F178 /* CircleButton */,
				E0B6A6DE2ABC698B00B9F178 /* SearchBarView.swift */,
			);
			path = Components;
			sourceTree = "<group>";
		};
		E0B6A6BE2ABC24EA00B9F178 /* CircleButton */ = {
			isa = PBXGroup;
			children = (
				E0B6A6BF2ABC24FE00B9F178 /* CircleButton.swift */,
				E0B6A6C12ABC282A00B9F178 /* CircleButtonAnimationView.swift */,
			);
			path = CircleButton;
			sourceTree = "<group>";
		};
		E0B6A6C32ABC2BD800B9F178 /* Models */ = {
			isa = PBXGroup;
			children = (
				E0B6A6C42ABC2BF100B9F178 /* CoinsModel.swift */,
			);
			path = Models;
			sourceTree = "<group>";
		};
		E0B6A6CE2ABC436C00B9F178 /* Services */ = {
			isa = PBXGroup;
			children = (
				E0B6A6CF2ABC43A000B9F178 /* CoinDataService.swift */,
				E0B6A6D72ABC571800B9F178 /* CoinImageService.swift */,
			);
			path = Services;
			sourceTree = "<group>";
		};
		E0B6A6D12ABC4A8700B9F178 /* Utilities */ = {
			isa = PBXGroup;
			children = (
				E0B6A6D22ABC4ACB00B9F178 /* NetworkingManager.swift */,
				E0B6A6DB2ABC622600B9F178 /* LocalFileManager.swift */,
			);
			path = Utilities;
			sourceTree = "<group>";
		};
		E0B6A6D42ABC558100B9F178 /* CoinImage */ = {
			isa = PBXGroup;
			children = (
				E0B6A6D52ABC559600B9F178 /* CoinImageView.swift */,
				E0B6A6D92ABC585C00B9F178 /* CoinImageViewModel.swift */,
			);
			path = CoinImage;
			sourceTree = "<group>";
		};
/* End PBXGroup section */

/* Begin PBXNativeTarget section */
		E0B6A6A22ABC0B5900B9F178 /* CryptoApp */ = {
			isa = PBXNativeTarget;
			buildConfigurationList = E0B6A6B12ABC0B5A00B9F178 /* Build configuration list for PBXNativeTarget "CryptoApp" */;
			buildPhases = (
				E0B6A69F2ABC0B5900B9F178 /* Sources */,
				E0B6A6A02ABC0B5900B9F178 /* Frameworks */,
				E0B6A6A12ABC0B5900B9F178 /* Resources */,
			);
			buildRules = (
			);
			dependencies = (
			);
			name = CryptoApp;
			productName = CryptoApp;
			productReference = E0B6A6A32ABC0B5900B9F178 /* CryptoApp.app */;
			productType = "com.apple.product-type.application";
		};
/* End PBXNativeTarget section */

/* Begin PBXProject section */
		E0B6A69B2ABC0B5900B9F178 /* Project object */ = {
			isa = PBXProject;
			attributes = {
				BuildIndependentTargetsInParallel = 1;
				LastSwiftUpdateCheck = 1500;
				LastUpgradeCheck = 1500;
				TargetAttributes = {
					E0B6A6A22ABC0B5900B9F178 = {
						CreatedOnToolsVersion = 15.0;
					};
				};
			};
			buildConfigurationList = E0B6A69E2ABC0B5900B9F178 /* Build configuration list for PBXProject "CryptoApp" */;
			compatibilityVersion = "Xcode 14.0";
			developmentRegion = en;
			hasScannedForEncodings = 0;
			knownRegions = (
				en,
				Base,
			);
			mainGroup = E0B6A69A2ABC0B5900B9F178;
			productRefGroup = E0B6A6A42ABC0B5900B9F178 /* Products */;
			projectDirPath = "";
			projectRoot = "";
			targets = (
				E0B6A6A22ABC0B5900B9F178 /* CryptoApp */,
			);
		};
/* End PBXProject section */

/* Begin PBXResourcesBuildPhase section */
		E0B6A6A12ABC0B5900B9F178 /* Resources */ = {
			isa = PBXResourcesBuildPhase;
			buildActionMask = 2147483647;
			files = (
				E0B6A6AE2ABC0B5A00B9F178 /* Preview Assets.xcassets in Resources */,
				E0B6A6AB2ABC0B5A00B9F178 /* Assets.xcassets in Resources */,
			);
			runOnlyForDeploymentPostprocessing = 0;
		};
/* End PBXResourcesBuildPhase section */

/* Begin PBXSourcesBuildPhase section */
		E0B6A69F2ABC0B5900B9F178 /* Sources */ = {
			isa = PBXSourcesBuildPhase;
			buildActionMask = 2147483647;
			files = (
				E0B6A6D02ABC43A000B9F178 /* CoinDataService.swift in Sources */,
				E0B6A6C72ABC31AC00B9F178 /* CoinRowView.swift in Sources */,
				E0B6A6CD2ABC3E1900B9F178 /* HomeViewModel.swift in Sources */,
				E0B6A6C52ABC2BF100B9F178 /* CoinsModel.swift in Sources */,
				E0B6A6DC2ABC622600B9F178 /* LocalFileManager.swift in Sources */,
				E0B6A6C02ABC24FE00B9F178 /* CircleButton.swift in Sources */,
				E0B6A6D62ABC559600B9F178 /* CoinImageView.swift in Sources */,
				E0B6A6A92ABC0B5900B9F178 /* ContentView.swift in Sources */,
				E0B6A6E12ABC6DA700B9F178 /* UIApplication.swift in Sources */,
				E0B6A6BC2ABC240600B9F178 /* HomeView.swift in Sources */,
				E0B6A6A72ABC0B5900B9F178 /* CryptoAppApp.swift in Sources */,
				E0B6A6DF2ABC698B00B9F178 /* SearchBarView.swift in Sources */,
				E0B6A6D32ABC4ACB00B9F178 /* NetworkingManager.swift in Sources */,
				E0B6A6B62ABC211200B9F178 /* Color.swift in Sources */,
				E0B6A6DA2ABC585C00B9F178 /* CoinImageViewModel.swift in Sources */,
				E0B6A6C92ABC323600B9F178 /* DeveloperPreview.swift in Sources */,
				E0B6A6CB2ABC36DA00B9F178 /* Double.swift in Sources */,
				E0B6A6D82ABC571800B9F178 /* CoinImageService.swift in Sources */,
				E0B6A6C22ABC282A00B9F178 /* CircleButtonAnimationView.swift in Sources */,
			);
			runOnlyForDeploymentPostprocessing = 0;
		};
/* End PBXSourcesBuildPhase section */

/* Begin XCBuildConfiguration section */
		E0B6A6AF2ABC0B5A00B9F178 /* Debug */ = {
			isa = XCBuildConfiguration;
			buildSettings = {
				ALWAYS_SEARCH_USER_PATHS = NO;
				ASSETCATALOG_COMPILER_GENERATE_SWIFT_ASSET_SYMBOL_EXTENSIONS = YES;
				CLANG_ANALYZER_NONNULL = YES;
				CLANG_ANALYZER_NUMBER_OBJECT_CONVERSION = YES_AGGRESSIVE;
				CLANG_CXX_LANGUAGE_STANDARD = "gnu++20";
				CLANG_ENABLE_MODULES = YES;
				CLANG_ENABLE_OBJC_ARC = YES;
				CLANG_ENABLE_OBJC_WEAK = YES;
				CLANG_WARN_BLOCK_CAPTURE_AUTORELEASING = YES;
				CLANG_WARN_BOOL_CONVERSION = YES;
				CLANG_WARN_COMMA = YES;
				CLANG_WARN_CONSTANT_CONVERSION = YES;
				CLANG_WARN_DEPRECATED_OBJC_IMPLEMENTATIONS = YES;
				CLANG_WARN_DIRECT_OBJC_ISA_USAGE = YES_ERROR;
				CLANG_WARN_DOCUMENTATION_COMMENTS = YES;
				CLANG_WARN_EMPTY_BODY = YES;
				CLANG_WARN_ENUM_CONVERSION = YES;
				CLANG_WARN_INFINITE_RECURSION = YES;
				CLANG_WARN_INT_CONVERSION = YES;
				CLANG_WARN_NON_LITERAL_NULL_CONVERSION = YES;
				CLANG_WARN_OBJC_IMPLICIT_RETAIN_SELF = YES;
				CLANG_WARN_OBJC_LITERAL_CONVERSION = YES;
				CLANG_WARN_OBJC_ROOT_CLASS = YES_ERROR;
				CLANG_WARN_QUOTED_INCLUDE_IN_FRAMEWORK_HEADER = YES;
				CLANG_WARN_RANGE_LOOP_ANALYSIS = YES;
				CLANG_WARN_STRICT_PROTOTYPES = YES;
				CLANG_WARN_SUSPICIOUS_MOVE = YES;
				CLANG_WARN_UNGUARDED_AVAILABILITY = YES_AGGRESSIVE;
				CLANG_WARN_UNREACHABLE_CODE = YES;
				CLANG_WARN__DUPLICATE_METHOD_MATCH = YES;
				COPY_PHASE_STRIP = NO;
				DEBUG_INFORMATION_FORMAT = dwarf;
				ENABLE_STRICT_OBJC_MSGSEND = YES;
				ENABLE_TESTABILITY = YES;
				ENABLE_USER_SCRIPT_SANDBOXING = YES;
				GCC_C_LANGUAGE_STANDARD = gnu17;
				GCC_DYNAMIC_NO_PIC = NO;
				GCC_NO_COMMON_BLOCKS = YES;
				GCC_OPTIMIZATION_LEVEL = 0;
				GCC_PREPROCESSOR_DEFINITIONS = (
					"DEBUG=1",
					"$(inherited)",
				);
				GCC_WARN_64_TO_32_BIT_CONVERSION = YES;
				GCC_WARN_ABOUT_RETURN_TYPE = YES_ERROR;
				GCC_WARN_UNDECLARED_SELECTOR = YES;
				GCC_WARN_UNINITIALIZED_AUTOS = YES_AGGRESSIVE;
				GCC_WARN_UNUSED_FUNCTION = YES;
				GCC_WARN_UNUSED_VARIABLE = YES;
				IPHONEOS_DEPLOYMENT_TARGET = 17.0;
				LOCALIZATION_PREFERS_STRING_CATALOGS = YES;
				MTL_ENABLE_DEBUG_INFO = INCLUDE_SOURCE;
				MTL_FAST_MATH = YES;
				ONLY_ACTIVE_ARCH = YES;
				SDKROOT = iphoneos;
				SWIFT_ACTIVE_COMPILATION_CONDITIONS = "DEBUG $(inherited)";
				SWIFT_OPTIMIZATION_LEVEL = "-Onone";
			};
			name = Debug;
		};
		E0B6A6B02ABC0B5A00B9F178 /* Release */ = {
			isa = XCBuildConfiguration;
			buildSettings = {
				ALWAYS_SEARCH_USER_PATHS = NO;
				ASSETCATALOG_COMPILER_GENERATE_SWIFT_ASSET_SYMBOL_EXTENSIONS = YES;
				CLANG_ANALYZER_NONNULL = YES;
				CLANG_ANALYZER_NUMBER_OBJECT_CONVERSION = YES_AGGRESSIVE;
				CLANG_CXX_LANGUAGE_STANDARD = "gnu++20";
				CLANG_ENABLE_MODULES = YES;
				CLANG_ENABLE_OBJC_ARC = YES;
				CLANG_ENABLE_OBJC_WEAK = YES;
				CLANG_WARN_BLOCK_CAPTURE_AUTORELEASING = YES;
				CLANG_WARN_BOOL_CONVERSION = YES;
				CLANG_WARN_COMMA = YES;
				CLANG_WARN_CONSTANT_CONVERSION = YES;
				CLANG_WARN_DEPRECATED_OBJC_IMPLEMENTATIONS = YES;
				CLANG_WARN_DIRECT_OBJC_ISA_USAGE = YES_ERROR;
				CLANG_WARN_DOCUMENTATION_COMMENTS = YES;
				CLANG_WARN_EMPTY_BODY = YES;
				CLANG_WARN_ENUM_CONVERSION = YES;
				CLANG_WARN_INFINITE_RECURSION = YES;
				CLANG_WARN_INT_CONVERSION = YES;
				CLANG_WARN_NON_LITERAL_NULL_CONVERSION = YES;
				CLANG_WARN_OBJC_IMPLICIT_RETAIN_SELF = YES;
				CLANG_WARN_OBJC_LITERAL_CONVERSION = YES;
				CLANG_WARN_OBJC_ROOT_CLASS = YES_ERROR;
				CLANG_WARN_QUOTED_INCLUDE_IN_FRAMEWORK_HEADER = YES;
				CLANG_WARN_RANGE_LOOP_ANALYSIS = YES;
				CLANG_WARN_STRICT_PROTOTYPES = YES;
				CLANG_WARN_SUSPICIOUS_MOVE = YES;
				CLANG_WARN_UNGUARDED_AVAILABILITY = YES_AGGRESSIVE;
				CLANG_WARN_UNREACHABLE_CODE = YES;
				CLANG_WARN__DUPLICATE_METHOD_MATCH = YES;
				COPY_PHASE_STRIP = NO;
				DEBUG_INFORMATION_FORMAT = "dwarf-with-dsym";
				ENABLE_NS_ASSERTIONS = NO;
				ENABLE_STRICT_OBJC_MSGSEND = YES;
				ENABLE_USER_SCRIPT_SANDBOXING = YES;
				GCC_C_LANGUAGE_STANDARD = gnu17;
				GCC_NO_COMMON_BLOCKS = YES;
				GCC_WARN_64_TO_32_BIT_CONVERSION = YES;
				GCC_WARN_ABOUT_RETURN_TYPE = YES_ERROR;
				GCC_WARN_UNDECLARED_SELECTOR = YES;
				GCC_WARN_UNINITIALIZED_AUTOS = YES_AGGRESSIVE;
				GCC_WARN_UNUSED_FUNCTION = YES;
				GCC_WARN_UNUSED_VARIABLE = YES;
				IPHONEOS_DEPLOYMENT_TARGET = 17.0;
				LOCALIZATION_PREFERS_STRING_CATALOGS = YES;
				MTL_ENABLE_DEBUG_INFO = NO;
				MTL_FAST_MATH = YES;
				SDKROOT = iphoneos;
				SWIFT_COMPILATION_MODE = wholemodule;
				VALIDATE_PRODUCT = YES;
			};
			name = Release;
		};
		E0B6A6B22ABC0B5A00B9F178 /* Debug */ = {
			isa = XCBuildConfiguration;
			buildSettings = {
				ASSETCATALOG_COMPILER_APPICON_NAME = AppIcon;
				ASSETCATALOG_COMPILER_GLOBAL_ACCENT_COLOR_NAME = AccentColor;
				CODE_SIGN_STYLE = Automatic;
				CURRENT_PROJECT_VERSION = 1;
				DEVELOPMENT_ASSET_PATHS = "\"CryptoApp/Preview Content\"";
				DEVELOPMENT_TEAM = C5WR4SV79Y;
				ENABLE_PREVIEWS = YES;
				GENERATE_INFOPLIST_FILE = YES;
				INFOPLIST_KEY_CFBundleDisplayName = Crypto;
				INFOPLIST_KEY_UIApplicationSceneManifest_Generation = YES;
				INFOPLIST_KEY_UIApplicationSupportsIndirectInputEvents = YES;
				INFOPLIST_KEY_UILaunchScreen_Generation = YES;
				INFOPLIST_KEY_UISupportedInterfaceOrientations = UIInterfaceOrientationPortrait;
				IPHONEOS_DEPLOYMENT_TARGET = 16.0;
				LD_RUNPATH_SEARCH_PATHS = (
					"$(inherited)",
					"@executable_path/Frameworks",
				);
				MARKETING_VERSION = 1.0;
				PRODUCT_BUNDLE_IDENTIFIER = com.Zahar.CryptoApp;
				PRODUCT_NAME = "$(TARGET_NAME)";
				SUPPORTED_PLATFORMS = "iphoneos iphonesimulator";
				SUPPORTS_MACCATALYST = NO;
				SUPPORTS_MAC_DESIGNED_FOR_IPHONE_IPAD = NO;
				SWIFT_EMIT_LOC_STRINGS = YES;
				SWIFT_VERSION = 5.0;
				TARGETED_DEVICE_FAMILY = "1,2";
			};
			name = Debug;
		};
		E0B6A6B32ABC0B5A00B9F178 /* Release */ = {
			isa = XCBuildConfiguration;
			buildSettings = {
				ASSETCATALOG_COMPILER_APPICON_NAME = AppIcon;
				ASSETCATALOG_COMPILER_GLOBAL_ACCENT_COLOR_NAME = AccentColor;
				CODE_SIGN_STYLE = Automatic;
				CURRENT_PROJECT_VERSION = 1;
				DEVELOPMENT_ASSET_PATHS = "\"CryptoApp/Preview Content\"";
				DEVELOPMENT_TEAM = C5WR4SV79Y;
				ENABLE_PREVIEWS = YES;
				GENERATE_INFOPLIST_FILE = YES;
				INFOPLIST_KEY_CFBundleDisplayName = Crypto;
				INFOPLIST_KEY_UIApplicationSceneManifest_Generation = YES;
				INFOPLIST_KEY_UIApplicationSupportsIndirectInputEvents = YES;
				INFOPLIST_KEY_UILaunchScreen_Generation = YES;
				INFOPLIST_KEY_UISupportedInterfaceOrientations = UIInterfaceOrientationPortrait;
				IPHONEOS_DEPLOYMENT_TARGET = 16.0;
				LD_RUNPATH_SEARCH_PATHS = (
					"$(inherited)",
					"@executable_path/Frameworks",
				);
				MARKETING_VERSION = 1.0;
				PRODUCT_BUNDLE_IDENTIFIER = com.Zahar.CryptoApp;
				PRODUCT_NAME = "$(TARGET_NAME)";
				SUPPORTED_PLATFORMS = "iphoneos iphonesimulator";
				SUPPORTS_MACCATALYST = NO;
				SUPPORTS_MAC_DESIGNED_FOR_IPHONE_IPAD = NO;
				SWIFT_EMIT_LOC_STRINGS = YES;
				SWIFT_VERSION = 5.0;
				TARGETED_DEVICE_FAMILY = "1,2";
			};
			name = Release;
		};
/* End XCBuildConfiguration section */

/* Begin XCConfigurationList section */
		E0B6A69E2ABC0B5900B9F178 /* Build configuration list for PBXProject "CryptoApp" */ = {
			isa = XCConfigurationList;
			buildConfigurations = (
				E0B6A6AF2ABC0B5A00B9F178 /* Debug */,
				E0B6A6B02ABC0B5A00B9F178 /* Release */,
			);
			defaultConfigurationIsVisible = 0;
			defaultConfigurationName = Release;
		};
		E0B6A6B12ABC0B5A00B9F178 /* Build configuration list for PBXNativeTarget "CryptoApp" */ = {
			isa = XCConfigurationList;
			buildConfigurations = (
				E0B6A6B22ABC0B5A00B9F178 /* Debug */,
				E0B6A6B32ABC0B5A00B9F178 /* Release */,
			);
			defaultConfigurationIsVisible = 0;
			defaultConfigurationName = Release;
		};
/* End XCConfigurationList section */
	};
	rootObject = E0B6A69B2ABC0B5900B9F178 /* Project object */;
}
